
Microsoft Visual Studio Solution File, Format Version 12.00
# Visual Studio Version 17
VisualStudioVersion = 17.8.34309.116
MinimumVisualStudioVersion = 10.0.40219.1
Project("{9A19103F-16F7-4668-BE54-9A1E7A4F7556}") = "GrpcService", "GrpcService\GrpcService.csproj", "{787AABC9-91E4-4538-82D3-812E62C99B10}"
EndProject
Project("{9A19103F-16F7-4668-BE54-9A1E7A4F7556}") = "GrpcClient", "GrpcClient\GrpcClient.csproj", "{A8D1E6A0-AA7E-4CC3-BBBE-49A02FD8D776}"
EndProject
Project("{9A19103F-16F7-4668-BE54-9A1E7A4F7556}") = "Insfrastructure", "Insfrastructure\Insfrastructure.csproj", "{D5E23ADC-935A-4BE3-B2B2-75DB7167F190}"
EndProject
Project("{9A19103F-16F7-4668-BE54-9A1E7A4F7556}") = "RedisLibrary", "..\..\Study\Study\1차시\WorkerService\RedisLibrary\RedisLibrary.csproj", "{308D28FE-6258-423E-8042-FDA01502016B}"
EndProject
Global
	GlobalSection(SolutionConfigurationPlatforms) = preSolution
		Debug|Any CPU = Debug|Any CPU
		Release|Any CPU = Release|Any CPU
	EndGlobalSection
	GlobalSection(ProjectConfigurationPlatforms) = postSolution
		{787AABC9-91E4-4538-82D3-812E62C99B10}.Debug|Any CPU.ActiveCfg = Debug|Any CPU
		{787AABC9-91E4-4538-82D3-812E62C99B10}.Debug|Any CPU.Build.0 = Debug|Any CPU
		{787AABC9-91E4-4538-82D3-812E62C99B10}.Release|Any CPU.ActiveCfg = Release|Any CPU
		{787AABC9-91E4-4538-82D3-812E62C99B10}.Release|Any CPU.Build.0 = Release|Any CPU
		{A8D1E6A0-AA7E-4CC3-BBBE-49A02FD8D776}.Debug|Any CPU.ActiveCfg = Debug|Any CPU
		{A8D1E6A0-AA7E-4CC3-BBBE-49A02FD8D776}.Debug|Any CPU.Build.0 = Debug|Any CPU
		{A8D1E6A0-AA7E-4CC3-BBBE-49A02FD8D776}.Release|Any CPU.ActiveCfg = Release|Any CPU
		{A8D1E6A0-AA7E-4CC3-BBBE-49A02FD8D776}.Release|Any CPU.Build.0 = Release|Any CPU
		{D5E23ADC-935A-4BE3-B2B2-75DB7167F190}.Debug|Any CPU.ActiveCfg = Debug|Any CPU
		{D5E23ADC-935A-4BE3-B2B2-75DB7167F190}.Debug|Any CPU.Build.0 = Debug|Any CPU
		{D5E23ADC-935A-4BE3-B2B2-75DB7167F190}.Release|Any CPU.ActiveCfg = Release|Any CPU
		{D5E23ADC-935A-4BE3-B2B2-75DB7167F190}.Release|Any CPU.Build.0 = Release|Any CPU
		{308D28FE-6258-423E-8042-FDA01502016B}.Debug|Any CPU.ActiveCfg = Debug|Any CPU
		{308D28FE-6258-423E-8042-FDA01502016B}.Debug|Any CPU.Build.0 = Debug|Any CPU
		{308D28FE-6258-423E-8042-FDA01502016B}.Release|Any CPU.ActiveCfg = Release|Any CPU
		{308D28FE-6258-423E-8042-FDA01502016B}.Release|Any CPU.Build.0 = Release|Any CPU
	EndGlobalSection
	GlobalSection(SolutionProperties) = preSolution
		HideSolutionNode = FALSE
	EndGlobalSection
	GlobalSection(ExtensibilityGlobals) = postSolution
		SolutionGuid = {071732CC-9DEF-4243-AECB-42F6E7C09B1F}
	EndGlobalSection
EndGlobal
