
Microsoft Visual Studio Solution File, Format Version 12.00
# Visual Studio Version 17
VisualStudioVersion = 17.8.34309.116
MinimumVisualStudioVersion = 10.0.40219.1
Project("{9A19103F-16F7-4668-BE54-9A1E7A4F7556}") = "GrpcService", "GrpcService\GrpcService.csproj", "{787AABC9-91E4-4538-82D3-812E62C99B10}"
EndProject
Project("{9A19103F-16F7-4668-BE54-9A1E7A4F7556}") = "GrpcClient", "GrpcClient\GrpcClient.csproj", "{A8D1E6A0-AA7E-4CC3-BBBE-49A02FD8D776}"
EndProject
Project("{9A19103F-16F7-4668-BE54-9A1E7A4F7556}") = "Infrastructure.Protos", "Infrastructure\Infrastructure.Protos.csproj", "{F2FD6492-7556-46C4-BD17-1C2D88B0B6A3}"
EndProject
Project("{9A19103F-16F7-4668-BE54-9A1E7A4F7556}") = "RedisLibrary", "RedisLibrary\RedisLibrary.csproj", "{C7736459-CC8E-4698-95BC-D82D9B808FAC}"
EndProject
Project("{9A19103F-16F7-4668-BE54-9A1E7A4F7556}") = "WorkerService", "WorkerService\WorkerService.csproj", "{460262D3-C3D1-445E-89F9-5FB53FAF1271}"
EndProject
Project("{2150E333-8FDC-42A3-9474-1A3956D46DE8}") = "Core", "Core", "{721E9FD1-7F3F-477F-B69D-26D36ED360F4}"
EndProject
Project("{FAE04EC0-301F-11D3-BF4B-00C04F79EFBC}") = "Application", "Application\Application.csproj", "{DC4F7ABB-579B-4DBA-A612-E89CFC0B07F2}"
EndProject
Project("{FAE04EC0-301F-11D3-BF4B-00C04F79EFBC}") = "Domain", "Domain\Domain.csproj", "{725F3E15-8D8C-49E3-8806-70D323185E2D}"
EndProject
Project("{2150E333-8FDC-42A3-9474-1A3956D46DE8}") = "Infrastructure", "Infrastructure", "{909D966B-38D6-4CCB-90FB-B321F938B0F9}"
EndProject
Project("{FAE04EC0-301F-11D3-BF4B-00C04F79EFBC}") = "Infrastructure.Mappers", "Infrastructure.Mappers\Infrastructure.Mappers.csproj", "{E4B71F71-9874-4204-9542-2548A09F9193}"
EndProject
Global
	GlobalSection(SolutionConfigurationPlatforms) = preSolution
		Debug|Any CPU = Debug|Any CPU
		Release|Any CPU = Release|Any CPU
	EndGlobalSection
	GlobalSection(ProjectConfigurationPlatforms) = postSolution
		{787AABC9-91E4-4538-82D3-812E62C99B10}.Debug|Any CPU.ActiveCfg = Debug|Any CPU
		{787AABC9-91E4-4538-82D3-812E62C99B10}.Debug|Any CPU.Build.0 = Debug|Any CPU
		{787AABC9-91E4-4538-82D3-812E62C99B10}.Release|Any CPU.ActiveCfg = Release|Any CPU
		{787AABC9-91E4-4538-82D3-812E62C99B10}.Release|Any CPU.Build.0 = Release|Any CPU
		{A8D1E6A0-AA7E-4CC3-BBBE-49A02FD8D776}.Debug|Any CPU.ActiveCfg = Debug|Any CPU
		{A8D1E6A0-AA7E-4CC3-BBBE-49A02FD8D776}.Debug|Any CPU.Build.0 = Debug|Any CPU
		{A8D1E6A0-AA7E-4CC3-BBBE-49A02FD8D776}.Release|Any CPU.ActiveCfg = Release|Any CPU
		{A8D1E6A0-AA7E-4CC3-BBBE-49A02FD8D776}.Release|Any CPU.Build.0 = Release|Any CPU
		{F2FD6492-7556-46C4-BD17-1C2D88B0B6A3}.Debug|Any CPU.ActiveCfg = Debug|Any CPU
		{F2FD6492-7556-46C4-BD17-1C2D88B0B6A3}.Debug|Any CPU.Build.0 = Debug|Any CPU
		{F2FD6492-7556-46C4-BD17-1C2D88B0B6A3}.Release|Any CPU.ActiveCfg = Release|Any CPU
		{F2FD6492-7556-46C4-BD17-1C2D88B0B6A3}.Release|Any CPU.Build.0 = Release|Any CPU
		{C7736459-CC8E-4698-95BC-D82D9B808FAC}.Debug|Any CPU.ActiveCfg = Debug|Any CPU
		{C7736459-CC8E-4698-95BC-D82D9B808FAC}.Debug|Any CPU.Build.0 = Debug|Any CPU
		{C7736459-CC8E-4698-95BC-D82D9B808FAC}.Release|Any CPU.ActiveCfg = Release|Any CPU
		{C7736459-CC8E-4698-95BC-D82D9B808FAC}.Release|Any CPU.Build.0 = Release|Any CPU
		{460262D3-C3D1-445E-89F9-5FB53FAF1271}.Debug|Any CPU.ActiveCfg = Debug|Any CPU
		{460262D3-C3D1-445E-89F9-5FB53FAF1271}.Debug|Any CPU.Build.0 = Debug|Any CPU
		{460262D3-C3D1-445E-89F9-5FB53FAF1271}.Release|Any CPU.ActiveCfg = Release|Any CPU
		{460262D3-C3D1-445E-89F9-5FB53FAF1271}.Release|Any CPU.Build.0 = Release|Any CPU
		{DC4F7ABB-579B-4DBA-A612-E89CFC0B07F2}.Debug|Any CPU.ActiveCfg = Debug|Any CPU
		{DC4F7ABB-579B-4DBA-A612-E89CFC0B07F2}.Debug|Any CPU.Build.0 = Debug|Any CPU
		{DC4F7ABB-579B-4DBA-A612-E89CFC0B07F2}.Release|Any CPU.ActiveCfg = Release|Any CPU
		{DC4F7ABB-579B-4DBA-A612-E89CFC0B07F2}.Release|Any CPU.Build.0 = Release|Any CPU
		{725F3E15-8D8C-49E3-8806-70D323185E2D}.Debug|Any CPU.ActiveCfg = Debug|Any CPU
		{725F3E15-8D8C-49E3-8806-70D323185E2D}.Debug|Any CPU.Build.0 = Debug|Any CPU
		{725F3E15-8D8C-49E3-8806-70D323185E2D}.Release|Any CPU.ActiveCfg = Release|Any CPU
		{725F3E15-8D8C-49E3-8806-70D323185E2D}.Release|Any CPU.Build.0 = Release|Any CPU
		{E4B71F71-9874-4204-9542-2548A09F9193}.Debug|Any CPU.ActiveCfg = Debug|Any CPU
		{E4B71F71-9874-4204-9542-2548A09F9193}.Debug|Any CPU.Build.0 = Debug|Any CPU
		{E4B71F71-9874-4204-9542-2548A09F9193}.Release|Any CPU.ActiveCfg = Release|Any CPU
		{E4B71F71-9874-4204-9542-2548A09F9193}.Release|Any CPU.Build.0 = Release|Any CPU
	EndGlobalSection
	GlobalSection(SolutionProperties) = preSolution
		HideSolutionNode = FALSE
	EndGlobalSection
	GlobalSection(NestedProjects) = preSolution
		{F2FD6492-7556-46C4-BD17-1C2D88B0B6A3} = {909D966B-38D6-4CCB-90FB-B321F938B0F9}
		{DC4F7ABB-579B-4DBA-A612-E89CFC0B07F2} = {721E9FD1-7F3F-477F-B69D-26D36ED360F4}
		{725F3E15-8D8C-49E3-8806-70D323185E2D} = {721E9FD1-7F3F-477F-B69D-26D36ED360F4}
		{E4B71F71-9874-4204-9542-2548A09F9193} = {909D966B-38D6-4CCB-90FB-B321F938B0F9}
	EndGlobalSection
	GlobalSection(ExtensibilityGlobals) = postSolution
		SolutionGuid = {071732CC-9DEF-4243-AECB-42F6E7C09B1F}
	EndGlobalSection
EndGlobal
