
Microsoft Visual Studio Solution File, Format Version 12.00
# Visual Studio Version 17
VisualStudioVersion = 17.8.34309.116
MinimumVisualStudioVersion = 10.0.40219.1
Project("{9A19103F-16F7-4668-BE54-9A1E7A4F7556}") = "GrpcService", "GrpcService\GrpcService.csproj", "{787AABC9-91E4-4538-82D3-812E62C99B10}"
EndProject
Project("{9A19103F-16F7-4668-BE54-9A1E7A4F7556}") = "GrpcClient", "GrpcClient\GrpcClient.csproj", "{A8D1E6A0-AA7E-4CC3-BBBE-49A02FD8D776}"
EndProject
Project("{9A19103F-16F7-4668-BE54-9A1E7A4F7556}") = "Infrastructure", "Infrastructure\Infrastructure.csproj", "{F2FD6492-7556-46C4-BD17-1C2D88B0B6A3}"
EndProject
Project("{9A19103F-16F7-4668-BE54-9A1E7A4F7556}") = "RedisLibrary", "RedisLibrary\RedisLibrary.csproj", "{C7736459-CC8E-4698-95BC-D82D9B808FAC}"
EndProject
Project("{E53339B2-1760-4266-BCC7-CA923CBCF16C}") = "docker-compose", "docker-compose.dcproj", "{411D65F2-1FDA-4090-A058-22EF667DC447}"
EndProject
Project("{2150E333-8FDC-42A3-9474-1A3956D46DE8}") = "솔루션 항목", "솔루션 항목", "{0EAB04F6-9EC2-455C-9E17-56356D424589}"
	ProjectSection(SolutionItems) = preProject
		Cert\backend.cer = Cert\backend.cer
		Cert\backend.cnf = Cert\backend.cnf
		Cert\backend.csr = Cert\backend.csr
		Cert\backend.pfx = Cert\backend.pfx
		Cert\backend.private-key.pem = Cert\backend.private-key.pem
		Cert\backend.public-key.pem = Cert\backend.public-key.pem
		Cert\Clean-Certs.ps1 = Cert\Clean-Certs.ps1
		Cert\ContainerCerts.env.template = Cert\ContainerCerts.env.template
		ContainerCerts.props = ContainerCerts.props
		Cert\Create-Certs.ps1 = Cert\Create-Certs.ps1
		Cert\CreateCerts.sh = Cert\CreateCerts.sh
		Cert\frontend.cer = Cert\frontend.cer
		Cert\frontend.cnf = Cert\frontend.cnf
		Cert\frontend.csr = Cert\frontend.csr
		Cert\frontend.pfx = Cert\frontend.pfx
		Cert\frontend.private-key.pem = Cert\frontend.private-key.pem
		Cert\frontend.public-key.pem = Cert\frontend.public-key.pem
		Cert\Password.txt = Cert\Password.txt
		Cert\test-ca.cert.pem = Cert\test-ca.cert.pem
		Cert\test-ca.cert.srl = Cert\test-ca.cert.srl
		Cert\test-ca.cnf = Cert\test-ca.cnf
		Cert\test-ca.crt = Cert\test-ca.crt
		Cert\test-ca.pfx = Cert\test-ca.pfx
		Cert\test-ca.private-key.pem = Cert\test-ca.private-key.pem
		Cert\test-ca.public-key.pem = Cert\test-ca.public-key.pem
	EndProjectSection
EndProject
Global
	GlobalSection(SolutionConfigurationPlatforms) = preSolution
		Debug|Any CPU = Debug|Any CPU
		Release|Any CPU = Release|Any CPU
	EndGlobalSection
	GlobalSection(ProjectConfigurationPlatforms) = postSolution
		{787AABC9-91E4-4538-82D3-812E62C99B10}.Debug|Any CPU.ActiveCfg = Debug|Any CPU
		{787AABC9-91E4-4538-82D3-812E62C99B10}.Debug|Any CPU.Build.0 = Debug|Any CPU
		{787AABC9-91E4-4538-82D3-812E62C99B10}.Release|Any CPU.ActiveCfg = Release|Any CPU
		{787AABC9-91E4-4538-82D3-812E62C99B10}.Release|Any CPU.Build.0 = Release|Any CPU
		{A8D1E6A0-AA7E-4CC3-BBBE-49A02FD8D776}.Debug|Any CPU.ActiveCfg = Debug|Any CPU
		{A8D1E6A0-AA7E-4CC3-BBBE-49A02FD8D776}.Debug|Any CPU.Build.0 = Debug|Any CPU
		{A8D1E6A0-AA7E-4CC3-BBBE-49A02FD8D776}.Release|Any CPU.ActiveCfg = Release|Any CPU
		{A8D1E6A0-AA7E-4CC3-BBBE-49A02FD8D776}.Release|Any CPU.Build.0 = Release|Any CPU
		{F2FD6492-7556-46C4-BD17-1C2D88B0B6A3}.Debug|Any CPU.ActiveCfg = Debug|Any CPU
		{F2FD6492-7556-46C4-BD17-1C2D88B0B6A3}.Debug|Any CPU.Build.0 = Debug|Any CPU
		{F2FD6492-7556-46C4-BD17-1C2D88B0B6A3}.Release|Any CPU.ActiveCfg = Release|Any CPU
		{F2FD6492-7556-46C4-BD17-1C2D88B0B6A3}.Release|Any CPU.Build.0 = Release|Any CPU
		{C7736459-CC8E-4698-95BC-D82D9B808FAC}.Debug|Any CPU.ActiveCfg = Debug|Any CPU
		{C7736459-CC8E-4698-95BC-D82D9B808FAC}.Debug|Any CPU.Build.0 = Debug|Any CPU
		{C7736459-CC8E-4698-95BC-D82D9B808FAC}.Release|Any CPU.ActiveCfg = Release|Any CPU
		{C7736459-CC8E-4698-95BC-D82D9B808FAC}.Release|Any CPU.Build.0 = Release|Any CPU
		{411D65F2-1FDA-4090-A058-22EF667DC447}.Debug|Any CPU.ActiveCfg = Debug|Any CPU
		{411D65F2-1FDA-4090-A058-22EF667DC447}.Debug|Any CPU.Build.0 = Debug|Any CPU
		{411D65F2-1FDA-4090-A058-22EF667DC447}.Release|Any CPU.ActiveCfg = Release|Any CPU
		{411D65F2-1FDA-4090-A058-22EF667DC447}.Release|Any CPU.Build.0 = Release|Any CPU
	EndGlobalSection
	GlobalSection(SolutionProperties) = preSolution
		HideSolutionNode = FALSE
	EndGlobalSection
	GlobalSection(ExtensibilityGlobals) = postSolution
		SolutionGuid = {071732CC-9DEF-4243-AECB-42F6E7C09B1F}
	EndGlobalSection
EndGlobal
